
Microsoft Visual Studio Solution File, Format Version 12.00
# Visual Studio Version 16
VisualStudioVersion = 16.0.29215.179
MinimumVisualStudioVersion = 10.0.40219.1
Project("{FAE04EC0-301F-11D3-BF4B-00C04F79EFBC}") = "MISWireframe", "MISWireframe\MISWireframe.csproj", "{71004B82-2EE7-4289-8A4A-EB9A7D2748B6}"
EndProject
Project("{FAE04EC0-301F-11D3-BF4B-00C04F79EFBC}") = "BackofficeWireframe", "BackofficeWireframe\BackofficeWireframe.csproj", "{642B5BC6-9185-4F57-AD7F-CEBD2C1408DD}"
EndProject
Project("{FAE04EC0-301F-11D3-BF4B-00C04F79EFBC}") = "BackofficeWireframV2", "BackofficeWireframV2\BackofficeWireframV2.csproj", "{615502DA-E3EA-4377-AFA8-DA089FB922F3}"
EndProject
Global
	GlobalSection(SolutionConfigurationPlatforms) = preSolution
		Debug|Any CPU = Debug|Any CPU
		Release|Any CPU = Release|Any CPU
	EndGlobalSection
	GlobalSection(ProjectConfigurationPlatforms) = postSolution
		{71004B82-2EE7-4289-8A4A-EB9A7D2748B6}.Debug|Any CPU.ActiveCfg = Debug|Any CPU
		{71004B82-2EE7-4289-8A4A-EB9A7D2748B6}.Debug|Any CPU.Build.0 = Debug|Any CPU
		{71004B82-2EE7-4289-8A4A-EB9A7D2748B6}.Release|Any CPU.ActiveCfg = Release|Any CPU
		{71004B82-2EE7-4289-8A4A-EB9A7D2748B6}.Release|Any CPU.Build.0 = Release|Any CPU
		{642B5BC6-9185-4F57-AD7F-CEBD2C1408DD}.Debug|Any CPU.ActiveCfg = Debug|Any CPU
		{642B5BC6-9185-4F57-AD7F-CEBD2C1408DD}.Debug|Any CPU.Build.0 = Debug|Any CPU
		{642B5BC6-9185-4F57-AD7F-CEBD2C1408DD}.Release|Any CPU.ActiveCfg = Release|Any CPU
		{642B5BC6-9185-4F57-AD7F-CEBD2C1408DD}.Release|Any CPU.Build.0 = Release|Any CPU
		{615502DA-E3EA-4377-AFA8-DA089FB922F3}.Debug|Any CPU.ActiveCfg = Debug|Any CPU
		{615502DA-E3EA-4377-AFA8-DA089FB922F3}.Debug|Any CPU.Build.0 = Debug|Any CPU
		{615502DA-E3EA-4377-AFA8-DA089FB922F3}.Release|Any CPU.ActiveCfg = Release|Any CPU
		{615502DA-E3EA-4377-AFA8-DA089FB922F3}.Release|Any CPU.Build.0 = Release|Any CPU
	EndGlobalSection
	GlobalSection(SolutionProperties) = preSolution
		HideSolutionNode = FALSE
	EndGlobalSection
	GlobalSection(ExtensibilityGlobals) = postSolution
		SolutionGuid = {D8571849-97C1-47F3-8698-31749CEA58ED}
	EndGlobalSection
EndGlobal
