
Microsoft Visual Studio Solution File, Format Version 12.00
# Visual Studio Version 16
VisualStudioVersion = 16.0.29215.179
MinimumVisualStudioVersion = 10.0.40219.1
Project("{FAE04EC0-301F-11D3-BF4B-00C04F79EFBC}") = "BackofficeWireframV2", "BackofficeWireframV2\BackofficeWireframV2.csproj", "{615502DA-E3EA-4377-AFA8-DA089FB922F3}"
EndProject
Project("{FAE04EC0-301F-11D3-BF4B-00C04F79EFBC}") = "DiginetSite.Domain", "DiginetSite.Domain\DiginetSite.Domain.csproj", "{73B89A72-086D-4534-803D-E2FD1D604F70}"
EndProject
Global
	GlobalSection(SolutionConfigurationPlatforms) = preSolution
		Debug|Any CPU = Debug|Any CPU
		Release|Any CPU = Release|Any CPU
	EndGlobalSection
	GlobalSection(ProjectConfigurationPlatforms) = postSolution
		{615502DA-E3EA-4377-AFA8-DA089FB922F3}.Debug|Any CPU.ActiveCfg = Debug|Any CPU
		{615502DA-E3EA-4377-AFA8-DA089FB922F3}.Debug|Any CPU.Build.0 = Debug|Any CPU
		{615502DA-E3EA-4377-AFA8-DA089FB922F3}.Release|Any CPU.ActiveCfg = Release|Any CPU
		{615502DA-E3EA-4377-AFA8-DA089FB922F3}.Release|Any CPU.Build.0 = Release|Any CPU
		{73B89A72-086D-4534-803D-E2FD1D604F70}.Debug|Any CPU.ActiveCfg = Debug|Any CPU
		{73B89A72-086D-4534-803D-E2FD1D604F70}.Debug|Any CPU.Build.0 = Debug|Any CPU
		{73B89A72-086D-4534-803D-E2FD1D604F70}.Release|Any CPU.ActiveCfg = Release|Any CPU
		{73B89A72-086D-4534-803D-E2FD1D604F70}.Release|Any CPU.Build.0 = Release|Any CPU
	EndGlobalSection
	GlobalSection(SolutionProperties) = preSolution
		HideSolutionNode = FALSE
	EndGlobalSection
	GlobalSection(ExtensibilityGlobals) = postSolution
		SolutionGuid = {D8571849-97C1-47F3-8698-31749CEA58ED}
	EndGlobalSection
EndGlobal
